
Microsoft Visual Studio Solution File, Format Version 12.00
# Visual Studio 2013
VisualStudioVersion = 12.0.31101.0
MinimumVisualStudioVersion = 10.0.40219.1
Project("{FAE04EC0-301F-11D3-BF4B-00C04F79EFBC}") = "Assignment-12(a)", "Assignment-12(a)\Assignment-12(a).csproj", "{DF704685-8CA6-48AD-A39A-9C6BECFCFD12}"
EndProject
Project("{FAE04EC0-301F-11D3-BF4B-00C04F79EFBC}") = "Assignment-12(b)", "Assignment-12(b)\Assignment-12(b).csproj", "{2307EA1F-2572-4DCE-A4EE-CB1C50C37497}"
EndProject
Global
	GlobalSection(SolutionConfigurationPlatforms) = preSolution
		Debug|Any CPU = Debug|Any CPU
		Release|Any CPU = Release|Any CPU
	EndGlobalSection
	GlobalSection(ProjectConfigurationPlatforms) = postSolution
		{DF704685-8CA6-48AD-A39A-9C6BECFCFD12}.Debug|Any CPU.ActiveCfg = Debug|Any CPU
		{DF704685-8CA6-48AD-A39A-9C6BECFCFD12}.Debug|Any CPU.Build.0 = Debug|Any CPU
		{DF704685-8CA6-48AD-A39A-9C6BECFCFD12}.Release|Any CPU.ActiveCfg = Release|Any CPU
		{DF704685-8CA6-48AD-A39A-9C6BECFCFD12}.Release|Any CPU.Build.0 = Release|Any CPU
		{2307EA1F-2572-4DCE-A4EE-CB1C50C37497}.Debug|Any CPU.ActiveCfg = Debug|Any CPU
		{2307EA1F-2572-4DCE-A4EE-CB1C50C37497}.Debug|Any CPU.Build.0 = Debug|Any CPU
		{2307EA1F-2572-4DCE-A4EE-CB1C50C37497}.Release|Any CPU.ActiveCfg = Release|Any CPU
		{2307EA1F-2572-4DCE-A4EE-CB1C50C37497}.Release|Any CPU.Build.0 = Release|Any CPU
	EndGlobalSection
	GlobalSection(SolutionProperties) = preSolution
		HideSolutionNode = FALSE
	EndGlobalSection
EndGlobal
